Microsoft Visual Studio Solution File, Format Version 12.00
# Visual Studio Version 17
VisualStudioVersion = 17.13.35913.81
MinimumVisualStudioVersion = 10.0.40219.1
Project("{FAE04EC0-301F-11D3-BF4B-00C04F79EFBC}") = "Hack2025", "Hack2025\Hack2025.csproj", "{8FD3C94B-4500-454E-9476-F1CA0DFAA89F}"
EndProject
Global
	GlobalSection(SolutionConfigurationPlatforms) = preSolution
		Debug|Any CPU = Debug|Any CPU
		Release|Any CPU = Release|Any CPU
	EndGlobalSection
	GlobalSection(ProjectConfigurationPlatforms) = postSolution
		{8FD3C94B-4500-454E-9476-F1CA0DFAA89F}.Debug|Any CPU.ActiveCfg = Debug|Any CPU
		{8FD3C94B-4500-454E-9476-F1CA0DFAA89F}.Debug|Any CPU.Build.0 = Debug|Any CPU
		{8FD3C94B-4500-454E-9476-F1CA0DFAA89F}.Release|Any CPU.ActiveCfg = Release|Any CPU
		{8FD3C94B-4500-454E-9476-F1CA0DFAA89F}.Release|Any CPU.Build.0 = Release|Any CPU
	EndGlobalSection
	GlobalSection(SolutionProperties) = preSolution
		HideSolutionNode = FALSE
	EndGlobalSection
	GlobalSection(ExtensibilityGlobals) = postSolution
		SolutionGuid = {1E8C05A1-B234-4263-9D7F-7FF52B1D09C9}
	EndGlobalSection
EndGlobal
